// !$*UTF8*$!
{
	archiveVersion = 1;
	classes = {
	};
	objectVersion = 56;
	objects = {

/* Begin PBXBuildFile section */
		5726D7172BBD1D4F0088D2CB /* LandmarksApp.swift in Sources */ = {isa = PBXBuildFile; fileRef = 5726D7162BBD1D4F0088D2CB /* LandmarksApp.swift */; };
		5726D7192BBD1D4F0088D2CB /* ContentView.swift in Sources */ = {isa = PBXBuildFile; fileRef = 5726D7182BBD1D4F0088D2CB /* ContentView.swift */; };
		5726D71B2BBD1D500088D2CB /* Assets.xcassets in Resources */ = {isa = PBXBuildFile; fileRef = 5726D71A2BBD1D500088D2CB /* Assets.xcassets */; };
		5726D71E2BBD1D500088D2CB /* Preview Assets.xcassets in Resources */ = {isa = PBXBuildFile; fileRef = 5726D71D2BBD1D500088D2CB /* Preview Assets.xcassets */; };
		5726D7252BBD52970088D2CB /* CircleImage.swift in Sources */ = {isa = PBXBuildFile; fileRef = 5726D7242BBD52970088D2CB /* CircleImage.swift */; };
		5726D7272BBD53F40088D2CB /* MapView.swift in Sources */ = {isa = PBXBuildFile; fileRef = 5726D7262BBD53F40088D2CB /* MapView.swift */; };
		57391F3D2BCCF086000B2E35 /* HexagonParameters.swift in Sources */ = {isa = PBXBuildFile; fileRef = 57391F3C2BCCF086000B2E35 /* HexagonParameters.swift */; };
		57391F3F2BCCF19A000B2E35 /* BadgeBackground.swift in Sources */ = {isa = PBXBuildFile; fileRef = 57391F3E2BCCF19A000B2E35 /* BadgeBackground.swift */; };
		57391F412BCEC4D7000B2E35 /* BadgeSymbol.swift in Sources */ = {isa = PBXBuildFile; fileRef = 57391F402BCEC4D7000B2E35 /* BadgeSymbol.swift */; };
		577B80362BC9757600A51B70 /* FavoriteButton.swift in Sources */ = {isa = PBXBuildFile; fileRef = 577B80352BC9757600A51B70 /* FavoriteButton.swift */; };
		579604E02BCEC5BA00B8DDCF /* landmarkData.json in Resources */ = {isa = PBXBuildFile; fileRef = 579604DF2BCEC5BA00B8DDCF /* landmarkData.json */; };
		579604E22BCEC6A000B8DDCF /* RotatedBadgeSymbol.swift in Sources */ = {isa = PBXBuildFile; fileRef = 579604E12BCEC6A000B8DDCF /* RotatedBadgeSymbol.swift */; };
		579604E42BCEC70400B8DDCF /* Badge.swift in Sources */ = {isa = PBXBuildFile; fileRef = 579604E32BCEC70400B8DDCF /* Badge.swift */; };
		57FCD4A52BC81F5A0052A3A6 /* Landmark.swift in Sources */ = {isa = PBXBuildFile; fileRef = 57FCD4A42BC81F5A0052A3A6 /* Landmark.swift */; };
		57FCD4A72BC820DD0052A3A6 /* ModelData.swift in Sources */ = {isa = PBXBuildFile; fileRef = 57FCD4A62BC820DD0052A3A6 /* ModelData.swift */; };
		57FCD4AC2BC8255F0052A3A6 /* LandmarkRow.swift in Sources */ = {isa = PBXBuildFile; fileRef = 57FCD4AB2BC8255F0052A3A6 /* LandmarkRow.swift */; };
		57FCD4AE2BC827E70052A3A6 /* LandmarkList.swift in Sources */ = {isa = PBXBuildFile; fileRef = 57FCD4AD2BC827E70052A3A6 /* LandmarkList.swift */; };
		57FCD4B02BC82D120052A3A6 /* LandmarkDetail.swift in Sources */ = {isa = PBXBuildFile; fileRef = 57FCD4AF2BC82D120052A3A6 /* LandmarkDetail.swift */; };
/* End PBXBuildFile section */

/* Begin PBXFileReference section */
		5726D7132BBD1D4F0088D2CB /* Landmarks.app */ = {isa = PBXFileReference; explicitFileType = wrapper.application; includeInIndex = 0; path = Landmarks.app; sourceTree = BUILT_PRODUCTS_DIR; };
		5726D7162BBD1D4F0088D2CB /* LandmarksApp.swift */ = {isa = PBXFileReference; lastKnownFileType = sourcecode.swift; path = LandmarksApp.swift; sourceTree = "<group>"; };
		5726D7182BBD1D4F0088D2CB /* ContentView.swift */ = {isa = PBXFileReference; lastKnownFileType = sourcecode.swift; path = ContentView.swift; sourceTree = "<group>"; };
		5726D71A2BBD1D500088D2CB /* Assets.xcassets */ = {isa = PBXFileReference; lastKnownFileType = folder.assetcatalog; path = Assets.xcassets; sourceTree = "<group>"; };
		5726D71D2BBD1D500088D2CB /* Preview Assets.xcassets */ = {isa = PBXFileReference; lastKnownFileType = folder.assetcatalog; path = "Preview Assets.xcassets"; sourceTree = "<group>"; };
		5726D7242BBD52970088D2CB /* CircleImage.swift */ = {isa = PBXFileReference; lastKnownFileType = sourcecode.swift; path = CircleImage.swift; sourceTree = "<group>"; };
		5726D7262BBD53F40088D2CB /* MapView.swift */ = {isa = PBXFileReference; lastKnownFileType = sourcecode.swift; path = MapView.swift; sourceTree = "<group>"; };
		57391F3C2BCCF086000B2E35 /* HexagonParameters.swift */ = {isa = PBXFileReference; lastKnownFileType = sourcecode.swift; path = HexagonParameters.swift; sourceTree = "<group>"; };
		57391F3E2BCCF19A000B2E35 /* BadgeBackground.swift */ = {isa = PBXFileReference; lastKnownFileType = sourcecode.swift; path = BadgeBackground.swift; sourceTree = "<group>"; };
		57391F402BCEC4D7000B2E35 /* BadgeSymbol.swift */ = {isa = PBXFileReference; lastKnownFileType = sourcecode.swift; path = BadgeSymbol.swift; sourceTree = "<group>"; };
		577B80352BC9757600A51B70 /* FavoriteButton.swift */ = {isa = PBXFileReference; lastKnownFileType = sourcecode.swift; path = FavoriteButton.swift; sourceTree = "<group>"; };
		579604DF2BCEC5BA00B8DDCF /* landmarkData.json */ = {isa = PBXFileReference; fileEncoding = 4; lastKnownFileType = text.json; name = landmarkData.json; path = ../../../../../Downloads/DrawingPathsAndShapes/StartingPoint/Landmarks/Resources/landmarkData.json; sourceTree = "<group>"; };
		579604E12BCEC6A000B8DDCF /* RotatedBadgeSymbol.swift */ = {isa = PBXFileReference; lastKnownFileType = sourcecode.swift; path = RotatedBadgeSymbol.swift; sourceTree = "<group>"; };
		579604E32BCEC70400B8DDCF /* Badge.swift */ = {isa = PBXFileReference; lastKnownFileType = sourcecode.swift; path = Badge.swift; sourceTree = "<group>"; };
		57FCD4A42BC81F5A0052A3A6 /* Landmark.swift */ = {isa = PBXFileReference; lastKnownFileType = sourcecode.swift; path = Landmark.swift; sourceTree = "<group>"; };
		57FCD4A62BC820DD0052A3A6 /* ModelData.swift */ = {isa = PBXFileReference; lastKnownFileType = sourcecode.swift; path = ModelData.swift; sourceTree = "<group>"; };
		57FCD4AB2BC8255F0052A3A6 /* LandmarkRow.swift */ = {isa = PBXFileReference; lastKnownFileType = sourcecode.swift; path = LandmarkRow.swift; sourceTree = "<group>"; };
		57FCD4AD2BC827E70052A3A6 /* LandmarkList.swift */ = {isa = PBXFileReference; lastKnownFileType = sourcecode.swift; path = LandmarkList.swift; sourceTree = "<group>"; };
		57FCD4AF2BC82D120052A3A6 /* LandmarkDetail.swift */ = {isa = PBXFileReference; lastKnownFileType = sourcecode.swift; path = LandmarkDetail.swift; sourceTree = "<group>"; };
/* End PBXFileReference section */

/* Begin PBXFrameworksBuildPhase section */
		5726D7102BBD1D4F0088D2CB /* Frameworks */ = {
			isa = PBXFrameworksBuildPhase;
			buildActionMask = 2147483647;
			files = (
			);
			runOnlyForDeploymentPostprocessing = 0;
		};
/* End PBXFrameworksBuildPhase section */

/* Begin PBXGroup section */
		5726D70A2BBD1D4F0088D2CB = {
			isa = PBXGroup;
			children = (
				5726D7152BBD1D4F0088D2CB /* Landmarks */,
				5726D7142BBD1D4F0088D2CB /* Products */,
			);
			sourceTree = "<group>";
		};
		5726D7142BBD1D4F0088D2CB /* Products */ = {
			isa = PBXGroup;
			children = (
				5726D7132BBD1D4F0088D2CB /* Landmarks.app */,
			);
			name = Products;
			sourceTree = "<group>";
		};
		5726D7152BBD1D4F0088D2CB /* Landmarks */ = {
			isa = PBXGroup;
			children = (
				57FCD4A82BC8243F0052A3A6 /* View */,
				57FCD4A92BC824530052A3A6 /* Model */,
				57FCD4AA2BC824860052A3A6 /* Resources */,
				5726D71A2BBD1D500088D2CB /* Assets.xcassets */,
				5726D71C2BBD1D500088D2CB /* Preview Content */,
			);
			path = Landmarks;
			sourceTree = "<group>";
		};
		5726D71C2BBD1D500088D2CB /* Preview Content */ = {
			isa = PBXGroup;
			children = (
				5726D71D2BBD1D500088D2CB /* Preview Assets.xcassets */,
			);
			path = "Preview Content";
			sourceTree = "<group>";
		};
		577B80372BC976DD00A51B70 /* Landmarks */ = {
			isa = PBXGroup;
			children = (
				57FCD4AD2BC827E70052A3A6 /* LandmarkList.swift */,
				57FCD4AB2BC8255F0052A3A6 /* LandmarkRow.swift */,
				57FCD4AF2BC82D120052A3A6 /* LandmarkDetail.swift */,
			);
			path = Landmarks;
			sourceTree = "<group>";
		};
		577B80382BC976EB00A51B70 /* Helper */ = {
			isa = PBXGroup;
			children = (
				5726D7242BBD52970088D2CB /* CircleImage.swift */,
				5726D7262BBD53F40088D2CB /* MapView.swift */,
				577B80352BC9757600A51B70 /* FavoriteButton.swift */,
			);
			path = Helper;
			sourceTree = "<group>";
		};
		579604E52BCEC93100B8DDCF /* Badges */ = {
			isa = PBXGroup;
			children = (
				57391F3C2BCCF086000B2E35 /* HexagonParameters.swift */,
				57391F402BCEC4D7000B2E35 /* BadgeSymbol.swift */,
				579604E12BCEC6A000B8DDCF /* RotatedBadgeSymbol.swift */,
				579604E32BCEC70400B8DDCF /* Badge.swift */,
				57391F3E2BCCF19A000B2E35 /* BadgeBackground.swift */,
			);
			path = Badges;
			sourceTree = "<group>";
		};
		57FCD4A82BC8243F0052A3A6 /* View */ = {
			isa = PBXGroup;
			children = (
				5726D7182BBD1D4F0088D2CB /* ContentView.swift */,
				577B80382BC976EB00A51B70 /* Helper */,
				577B80372BC976DD00A51B70 /* Landmarks */,
				579604E52BCEC93100B8DDCF /* Badges */,
			);
			path = View;
			sourceTree = "<group>";
		};
		57FCD4A92BC824530052A3A6 /* Model */ = {
			isa = PBXGroup;
			children = (
				57FCD4A62BC820DD0052A3A6 /* ModelData.swift */,
				57FCD4A42BC81F5A0052A3A6 /* Landmark.swift */,
			);
			path = Model;
			sourceTree = "<group>";
		};
		57FCD4AA2BC824860052A3A6 /* Resources */ = {
			isa = PBXGroup;
			children = (
				579604DF2BCEC5BA00B8DDCF /* landmarkData.json */,
				5726D7162BBD1D4F0088D2CB /* LandmarksApp.swift */,
			);
			path = Resources;
			sourceTree = "<group>";
		};
/* End PBXGroup section */

/* Begin PBXNativeTarget section */
		5726D7122BBD1D4F0088D2CB /* Landmarks */ = {
			isa = PBXNativeTarget;
			buildConfigurationList = 5726D7212BBD1D500088D2CB /* Build configuration list for PBXNativeTarget "Landmarks" */;
			buildPhases = (
				5726D70F2BBD1D4F0088D2CB /* Sources */,
				5726D7102BBD1D4F0088D2CB /* Frameworks */,
				5726D7112BBD1D4F0088D2CB /* Resources */,
			);
			buildRules = (
			);
			dependencies = (
			);
			name = Landmarks;
			productName = Landmarks;
			productReference = 5726D7132BBD1D4F0088D2CB /* Landmarks.app */;
			productType = "com.apple.product-type.application";
		};
/* End PBXNativeTarget section */

/* Begin PBXProject section */
		5726D70B2BBD1D4F0088D2CB /* Project object */ = {
			isa = PBXProject;
			attributes = {
				BuildIndependentTargetsInParallel = 1;
				LastSwiftUpdateCheck = 1530;
				LastUpgradeCheck = 1530;
				TargetAttributes = {
					5726D7122BBD1D4F0088D2CB = {
						CreatedOnToolsVersion = 15.3;
					};
				};
			};
			buildConfigurationList = 5726D70E2BBD1D4F0088D2CB /* Build configuration list for PBXProject "Landmarks" */;
			compatibilityVersion = "Xcode 14.0";
			developmentRegion = en;
			hasScannedForEncodings = 0;
			knownRegions = (
				en,
				Base,
			);
			mainGroup = 5726D70A2BBD1D4F0088D2CB;
			productRefGroup = 5726D7142BBD1D4F0088D2CB /* Products */;
			projectDirPath = "";
			projectRoot = "";
			targets = (
				5726D7122BBD1D4F0088D2CB /* Landmarks */,
			);
		};
/* End PBXProject section */

/* Begin PBXResourcesBuildPhase section */
		5726D7112BBD1D4F0088D2CB /* Resources */ = {
			isa = PBXResourcesBuildPhase;
			buildActionMask = 2147483647;
			files = (
				5726D71E2BBD1D500088D2CB /* Preview Assets.xcassets in Resources */,
				5726D71B2BBD1D500088D2CB /* Assets.xcassets in Resources */,
				579604E02BCEC5BA00B8DDCF /* landmarkData.json in Resources */,
			);
			runOnlyForDeploymentPostprocessing = 0;
		};
/* End PBXResourcesBuildPhase section */

/* Begin PBXSourcesBuildPhase section */
		5726D70F2BBD1D4F0088D2CB /* Sources */ = {
			isa = PBXSourcesBuildPhase;
			buildActionMask = 2147483647;
			files = (
				5726D7192BBD1D4F0088D2CB /* ContentView.swift in Sources */,
				579604E42BCEC70400B8DDCF /* Badge.swift in Sources */,
				5726D7272BBD53F40088D2CB /* MapView.swift in Sources */,
				5726D7172BBD1D4F0088D2CB /* LandmarksApp.swift in Sources */,
				577B80362BC9757600A51B70 /* FavoriteButton.swift in Sources */,
				57391F3D2BCCF086000B2E35 /* HexagonParameters.swift in Sources */,
				579604E22BCEC6A000B8DDCF /* RotatedBadgeSymbol.swift in Sources */,
				57391F412BCEC4D7000B2E35 /* BadgeSymbol.swift in Sources */,
				57FCD4AE2BC827E70052A3A6 /* LandmarkList.swift in Sources */,
				57FCD4B02BC82D120052A3A6 /* LandmarkDetail.swift in Sources */,
				57391F3F2BCCF19A000B2E35 /* BadgeBackground.swift in Sources */,
				5726D7252BBD52970088D2CB /* CircleImage.swift in Sources */,
				57FCD4A52BC81F5A0052A3A6 /* Landmark.swift in Sources */,
				57FCD4AC2BC8255F0052A3A6 /* LandmarkRow.swift in Sources */,
				57FCD4A72BC820DD0052A3A6 /* ModelData.swift in Sources */,
			);
			runOnlyForDeploymentPostprocessing = 0;
		};
/* End PBXSourcesBuildPhase section */

/* Begin XCBuildConfiguration section */
		5726D71F2BBD1D500088D2CB /* Debug */ = {
			isa = XCBuildConfiguration;
			buildSettings = {
				ALWAYS_SEARCH_USER_PATHS = NO;
				ASSETCATALOG_COMPILER_GENERATE_SWIFT_ASSET_SYMBOL_EXTENSIONS = YES;
				CLANG_ANALYZER_NONNULL = YES;
				CLANG_ANALYZER_NUMBER_OBJECT_CONVERSION = YES_AGGRESSIVE;
				CLANG_CXX_LANGUAGE_STANDARD = "gnu++20";
				CLANG_ENABLE_MODULES = YES;
				CLANG_ENABLE_OBJC_ARC = YES;
				CLANG_ENABLE_OBJC_WEAK = YES;
				CLANG_WARN_BLOCK_CAPTURE_AUTORELEASING = YES;
				CLANG_WARN_BOOL_CONVERSION = YES;
				CLANG_WARN_COMMA = YES;
				CLANG_WARN_CONSTANT_CONVERSION = YES;
				CLANG_WARN_DEPRECATED_OBJC_IMPLEMENTATIONS = YES;
				CLANG_WARN_DIRECT_OBJC_ISA_USAGE = YES_ERROR;
				CLANG_WARN_DOCUMENTATION_COMMENTS = YES;
				CLANG_WARN_EMPTY_BODY = YES;
				CLANG_WARN_ENUM_CONVERSION = YES;
				CLANG_WARN_INFINITE_RECURSION = YES;
				CLANG_WARN_INT_CONVERSION = YES;
				CLANG_WARN_NON_LITERAL_NULL_CONVERSION = YES;
				CLANG_WARN_OBJC_IMPLICIT_RETAIN_SELF = YES;
				CLANG_WARN_OBJC_LITERAL_CONVERSION = YES;
				CLANG_WARN_OBJC_ROOT_CLASS = YES_ERROR;
				CLANG_WARN_QUOTED_INCLUDE_IN_FRAMEWORK_HEADER = YES;
				CLANG_WARN_RANGE_LOOP_ANALYSIS = YES;
				CLANG_WARN_STRICT_PROTOTYPES = YES;
				CLANG_WARN_SUSPICIOUS_MOVE = YES;
				CLANG_WARN_UNGUARDED_AVAILABILITY = YES_AGGRESSIVE;
				CLANG_WARN_UNREACHABLE_CODE = YES;
				CLANG_WARN__DUPLICATE_METHOD_MATCH = YES;
				COPY_PHASE_STRIP = NO;
				DEBUG_INFORMATION_FORMAT = dwarf;
				ENABLE_STRICT_OBJC_MSGSEND = YES;
				ENABLE_TESTABILITY = YES;
				ENABLE_USER_SCRIPT_SANDBOXING = YES;
				GCC_C_LANGUAGE_STANDARD = gnu17;
				GCC_DYNAMIC_NO_PIC = NO;
				GCC_NO_COMMON_BLOCKS = YES;
				GCC_OPTIMIZATION_LEVEL = 0;
				GCC_PREPROCESSOR_DEFINITIONS = (
					"DEBUG=1",
					"$(inherited)",
				);
				GCC_WARN_64_TO_32_BIT_CONVERSION = YES;
				GCC_WARN_ABOUT_RETURN_TYPE = YES_ERROR;
				GCC_WARN_UNDECLARED_SELECTOR = YES;
				GCC_WARN_UNINITIALIZED_AUTOS = YES_AGGRESSIVE;
				GCC_WARN_UNUSED_FUNCTION = YES;
				GCC_WARN_UNUSED_VARIABLE = YES;
				IPHONEOS_DEPLOYMENT_TARGET = 17.4;
				LOCALIZATION_PREFERS_STRING_CATALOGS = YES;
				MTL_ENABLE_DEBUG_INFO = INCLUDE_SOURCE;
				MTL_FAST_MATH = YES;
				ONLY_ACTIVE_ARCH = YES;
				SDKROOT = iphoneos;
				SWIFT_ACTIVE_COMPILATION_CONDITIONS = "DEBUG $(inherited)";
				SWIFT_OPTIMIZATION_LEVEL = "-Onone";
			};
			name = Debug;
		};
		5726D7202BBD1D500088D2CB /* Release */ = {
			isa = XCBuildConfiguration;
			buildSettings = {
				ALWAYS_SEARCH_USER_PATHS = NO;
				ASSETCATALOG_COMPILER_GENERATE_SWIFT_ASSET_SYMBOL_EXTENSIONS = YES;
				CLANG_ANALYZER_NONNULL = YES;
				CLANG_ANALYZER_NUMBER_OBJECT_CONVERSION = YES_AGGRESSIVE;
				CLANG_CXX_LANGUAGE_STANDARD = "gnu++20";
				CLANG_ENABLE_MODULES = YES;
				CLANG_ENABLE_OBJC_ARC = YES;
				CLANG_ENABLE_OBJC_WEAK = YES;
				CLANG_WARN_BLOCK_CAPTURE_AUTORELEASING = YES;
				CLANG_WARN_BOOL_CONVERSION = YES;
				CLANG_WARN_COMMA = YES;
				CLANG_WARN_CONSTANT_CONVERSION = YES;
				CLANG_WARN_DEPRECATED_OBJC_IMPLEMENTATIONS = YES;
				CLANG_WARN_DIRECT_OBJC_ISA_USAGE = YES_ERROR;
				CLANG_WARN_DOCUMENTATION_COMMENTS = YES;
				CLANG_WARN_EMPTY_BODY = YES;
				CLANG_WARN_ENUM_CONVERSION = YES;
				CLANG_WARN_INFINITE_RECURSION = YES;
				CLANG_WARN_INT_CONVERSION = YES;
				CLANG_WARN_NON_LITERAL_NULL_CONVERSION = YES;
				CLANG_WARN_OBJC_IMPLICIT_RETAIN_SELF = YES;
				CLANG_WARN_OBJC_LITERAL_CONVERSION = YES;
				CLANG_WARN_OBJC_ROOT_CLASS = YES_ERROR;
				CLANG_WARN_QUOTED_INCLUDE_IN_FRAMEWORK_HEADER = YES;
				CLANG_WARN_RANGE_LOOP_ANALYSIS = YES;
				CLANG_WARN_STRICT_PROTOTYPES = YES;
				CLANG_WARN_SUSPICIOUS_MOVE = YES;
				CLANG_WARN_UNGUARDED_AVAILABILITY = YES_AGGRESSIVE;
				CLANG_WARN_UNREACHABLE_CODE = YES;
				CLANG_WARN__DUPLICATE_METHOD_MATCH = YES;
				COPY_PHASE_STRIP = NO;
				DEBUG_INFORMATION_FORMAT = "dwarf-with-dsym";
				ENABLE_NS_ASSERTIONS = NO;
				ENABLE_STRICT_OBJC_MSGSEND = YES;
				ENABLE_USER_SCRIPT_SANDBOXING = YES;
				GCC_C_LANGUAGE_STANDARD = gnu17;
				GCC_NO_COMMON_BLOCKS = YES;
				GCC_WARN_64_TO_32_BIT_CONVERSION = YES;
				GCC_WARN_ABOUT_RETURN_TYPE = YES_ERROR;
				GCC_WARN_UNDECLARED_SELECTOR = YES;
				GCC_WARN_UNINITIALIZED_AUTOS = YES_AGGRESSIVE;
				GCC_WARN_UNUSED_FUNCTION = YES;
				GCC_WARN_UNUSED_VARIABLE = YES;
				IPHONEOS_DEPLOYMENT_TARGET = 17.4;
				LOCALIZATION_PREFERS_STRING_CATALOGS = YES;
				MTL_ENABLE_DEBUG_INFO = NO;
				MTL_FAST_MATH = YES;
				SDKROOT = iphoneos;
				SWIFT_COMPILATION_MODE = wholemodule;
				VALIDATE_PRODUCT = YES;
			};
			name = Release;
		};
		5726D7222BBD1D500088D2CB /* Debug */ = {
			isa = XCBuildConfiguration;
			buildSettings = {
				ASSETCATALOG_COMPILER_APPICON_NAME = AppIcon;
				ASSETCATALOG_COMPILER_GLOBAL_ACCENT_COLOR_NAME = AccentColor;
				CODE_SIGN_STYLE = Automatic;
				CURRENT_PROJECT_VERSION = 1;
				DEVELOPMENT_ASSET_PATHS = "\"Landmarks/Preview Content\"";
				DEVELOPMENT_TEAM = B4BSCLJVA5;
				ENABLE_PREVIEWS = YES;
				GENERATE_INFOPLIST_FILE = YES;
				INFOPLIST_KEY_UIApplicationSceneManifest_Generation = YES;
				INFOPLIST_KEY_UIApplicationSupportsIndirectInputEvents = YES;
				INFOPLIST_KEY_UILaunchScreen_Generation = YES;
				INFOPLIST_KEY_UISupportedInterfaceOrientations_iPad = "UIInterfaceOrientationPortrait UIInterfaceOrientationPortraitUpsideDown UIInterfaceOrientationLandscapeLeft UIInterfaceOrientationLandscapeRight";
				INFOPLIST_KEY_UISupportedInterfaceOrientations_iPhone = "UIInterfaceOrientationPortrait UIInterfaceOrientationLandscapeLeft UIInterfaceOrientationLandscapeRight";
				LD_RUNPATH_SEARCH_PATHS = (
					"$(inherited)",
					"@executable_path/Frameworks",
				);
				MARKETING_VERSION = 1.0;
				PRODUCT_BUNDLE_IDENTIFIER = com.skku.sjsjmine129.Landmarks;
				PRODUCT_NAME = "$(TARGET_NAME)";
				SUPPORTED_PLATFORMS = "iphoneos iphonesimulator";
				SUPPORTS_MACCATALYST = NO;
				SUPPORTS_MAC_DESIGNED_FOR_IPHONE_IPAD = NO;
				SUPPORTS_XR_DESIGNED_FOR_IPHONE_IPAD = NO;
				SWIFT_EMIT_LOC_STRINGS = YES;
				SWIFT_VERSION = 5.0;
				TARGETED_DEVICE_FAMILY = "1,2";
			};
			name = Debug;
		};
		5726D7232BBD1D500088D2CB /* Release */ = {
			isa = XCBuildConfiguration;
			buildSettings = {
				ASSETCATALOG_COMPILER_APPICON_NAME = AppIcon;
				ASSETCATALOG_COMPILER_GLOBAL_ACCENT_COLOR_NAME = AccentColor;
				CODE_SIGN_STYLE = Automatic;
				CURRENT_PROJECT_VERSION = 1;
				DEVELOPMENT_ASSET_PATHS = "\"Landmarks/Preview Content\"";
				DEVELOPMENT_TEAM = B4BSCLJVA5;
				ENABLE_PREVIEWS = YES;
				GENERATE_INFOPLIST_FILE = YES;
				INFOPLIST_KEY_UIApplicationSceneManifest_Generation = YES;
				INFOPLIST_KEY_UIApplicationSupportsIndirectInputEvents = YES;
				INFOPLIST_KEY_UILaunchScreen_Generation = YES;
				INFOPLIST_KEY_UISupportedInterfaceOrientations_iPad = "UIInterfaceOrientationPortrait UIInterfaceOrientationPortraitUpsideDown UIInterfaceOrientationLandscapeLeft UIInterfaceOrientationLandscapeRight";
				INFOPLIST_KEY_UISupportedInterfaceOrientations_iPhone = "UIInterfaceOrientationPortrait UIInterfaceOrientationLandscapeLeft UIInterfaceOrientationLandscapeRight";
				LD_RUNPATH_SEARCH_PATHS = (
					"$(inherited)",
					"@executable_path/Frameworks",
				);
				MARKETING_VERSION = 1.0;
				PRODUCT_BUNDLE_IDENTIFIER = com.skku.sjsjmine129.Landmarks;
				PRODUCT_NAME = "$(TARGET_NAME)";
				SUPPORTED_PLATFORMS = "iphoneos iphonesimulator";
				SUPPORTS_MACCATALYST = NO;
				SUPPORTS_MAC_DESIGNED_FOR_IPHONE_IPAD = NO;
				SUPPORTS_XR_DESIGNED_FOR_IPHONE_IPAD = NO;
				SWIFT_EMIT_LOC_STRINGS = YES;
				SWIFT_VERSION = 5.0;
				TARGETED_DEVICE_FAMILY = "1,2";
			};
			name = Release;
		};
/* End XCBuildConfiguration section */

/* Begin XCConfigurationList section */
		5726D70E2BBD1D4F0088D2CB /* Build configuration list for PBXProject "Landmarks" */ = {
			isa = XCConfigurationList;
			buildConfigurations = (
				5726D71F2BBD1D500088D2CB /* Debug */,
				5726D7202BBD1D500088D2CB /* Release */,
			);
			defaultConfigurationIsVisible = 0;
			defaultConfigurationName = Release;
		};
		5726D7212BBD1D500088D2CB /* Build configuration list for PBXNativeTarget "Landmarks" */ = {
			isa = XCConfigurationList;
			buildConfigurations = (
				5726D7222BBD1D500088D2CB /* Debug */,
				5726D7232BBD1D500088D2CB /* Release */,
			);
			defaultConfigurationIsVisible = 0;
			defaultConfigurationName = Release;
		};
/* End XCConfigurationList section */
	};
	rootObject = 5726D70B2BBD1D4F0088D2CB /* Project object */;
}
